
Microsoft Visual Studio Solution File, Format Version 12.00
# Visual Studio Version 17
VisualStudioVersion = 17.5.002.0
MinimumVisualStudioVersion = 10.0.40219.1
Project("{9A19103F-16F7-4668-BE54-9A1E7A4F7556}") = "StudentDataManagement", "StudentDataManagement.csproj", "{174995F4-FAA3-4DAA-AE1A-0B567AF90CC8}"
EndProject
Global
	GlobalSection(SolutionConfigurationPlatforms) = preSolution
		Debug|Any CPU = Debug|Any CPU
		Release|Any CPU = Release|Any CPU
	EndGlobalSection
	GlobalSection(ProjectConfigurationPlatforms) = postSolution
		{174995F4-FAA3-4DAA-AE1A-0B567AF90CC8}.Debug|Any CPU.ActiveCfg = Debug|Any CPU
		{174995F4-FAA3-4DAA-AE1A-0B567AF90CC8}.Debug|Any CPU.Build.0 = Debug|Any CPU
		{174995F4-FAA3-4DAA-AE1A-0B567AF90CC8}.Release|Any CPU.ActiveCfg = Release|Any CPU
		{174995F4-FAA3-4DAA-AE1A-0B567AF90CC8}.Release|Any CPU.Build.0 = Release|Any CPU
	EndGlobalSection
	GlobalSection(SolutionProperties) = preSolution
		HideSolutionNode = FALSE
	EndGlobalSection
	GlobalSection(ExtensibilityGlobals) = postSolution
		SolutionGuid = {47CCAD1B-CFC2-4961-8F2C-DF5D6ED92367}
	EndGlobalSection
EndGlobal
