
Microsoft Visual Studio Solution File, Format Version 12.00
# Visual Studio Version 17
VisualStudioVersion = 17.5.002.0
MinimumVisualStudioVersion = 10.0.40219.1
Project("{9A19103F-16F7-4668-BE54-9A1E7A4F7556}") = "BinarySearch", "BinarySearch.csproj", "{9A1781BC-AB87-4718-8AF2-E355FEA981BA}"
EndProject
Global
	GlobalSection(SolutionConfigurationPlatforms) = preSolution
		Debug|Any CPU = Debug|Any CPU
		Release|Any CPU = Release|Any CPU
	EndGlobalSection
	GlobalSection(ProjectConfigurationPlatforms) = postSolution
		{9A1781BC-AB87-4718-8AF2-E355FEA981BA}.Debug|Any CPU.ActiveCfg = Debug|Any CPU
		{9A1781BC-AB87-4718-8AF2-E355FEA981BA}.Debug|Any CPU.Build.0 = Debug|Any CPU
		{9A1781BC-AB87-4718-8AF2-E355FEA981BA}.Release|Any CPU.ActiveCfg = Release|Any CPU
		{9A1781BC-AB87-4718-8AF2-E355FEA981BA}.Release|Any CPU.Build.0 = Release|Any CPU
	EndGlobalSection
	GlobalSection(SolutionProperties) = preSolution
		HideSolutionNode = FALSE
	EndGlobalSection
	GlobalSection(ExtensibilityGlobals) = postSolution
		SolutionGuid = {A81B4D5B-BB10-4137-AD44-270D125DA394}
	EndGlobalSection
EndGlobal
