
Microsoft Visual Studio Solution File, Format Version 12.00
# Visual Studio Version 17
VisualStudioVersion = 17.5.002.0
MinimumVisualStudioVersion = 10.0.40219.1
Project("{9A19103F-16F7-4668-BE54-9A1E7A4F7556}") = "DoubleLinkedList", "DoubleLinkedList.csproj", "{33477892-48B7-44FC-8F0C-DC1DC955A494}"
EndProject
Global
	GlobalSection(SolutionConfigurationPlatforms) = preSolution
		Debug|Any CPU = Debug|Any CPU
		Release|Any CPU = Release|Any CPU
	EndGlobalSection
	GlobalSection(ProjectConfigurationPlatforms) = postSolution
		{33477892-48B7-44FC-8F0C-DC1DC955A494}.Debug|Any CPU.ActiveCfg = Debug|Any CPU
		{33477892-48B7-44FC-8F0C-DC1DC955A494}.Debug|Any CPU.Build.0 = Debug|Any CPU
		{33477892-48B7-44FC-8F0C-DC1DC955A494}.Release|Any CPU.ActiveCfg = Release|Any CPU
		{33477892-48B7-44FC-8F0C-DC1DC955A494}.Release|Any CPU.Build.0 = Release|Any CPU
	EndGlobalSection
	GlobalSection(SolutionProperties) = preSolution
		HideSolutionNode = FALSE
	EndGlobalSection
	GlobalSection(ExtensibilityGlobals) = postSolution
		SolutionGuid = {80C4C6BC-9AD0-4A02-9D88-49381F124C18}
	EndGlobalSection
EndGlobal
