
Microsoft Visual Studio Solution File, Format Version 12.00
# Visual Studio Version 17
VisualStudioVersion = 17.5.002.0
MinimumVisualStudioVersion = 10.0.40219.1
Project("{9A19103F-16F7-4668-BE54-9A1E7A4F7556}") = "MergeSort", "MergeSort.csproj", "{F90910C9-5EA4-4F1B-B1CA-2FC17B0A27F7}"
EndProject
Global
	GlobalSection(SolutionConfigurationPlatforms) = preSolution
		Debug|Any CPU = Debug|Any CPU
		Release|Any CPU = Release|Any CPU
	EndGlobalSection
	GlobalSection(ProjectConfigurationPlatforms) = postSolution
		{F90910C9-5EA4-4F1B-B1CA-2FC17B0A27F7}.Debug|Any CPU.ActiveCfg = Debug|Any CPU
		{F90910C9-5EA4-4F1B-B1CA-2FC17B0A27F7}.Debug|Any CPU.Build.0 = Debug|Any CPU
		{F90910C9-5EA4-4F1B-B1CA-2FC17B0A27F7}.Release|Any CPU.ActiveCfg = Release|Any CPU
		{F90910C9-5EA4-4F1B-B1CA-2FC17B0A27F7}.Release|Any CPU.Build.0 = Release|Any CPU
	EndGlobalSection
	GlobalSection(SolutionProperties) = preSolution
		HideSolutionNode = FALSE
	EndGlobalSection
	GlobalSection(ExtensibilityGlobals) = postSolution
		SolutionGuid = {913D28D5-5510-4028-B0CD-9783FE6D73E4}
	EndGlobalSection
EndGlobal
