
Microsoft Visual Studio Solution File, Format Version 12.00
# Visual Studio Version 17
VisualStudioVersion = 17.5.002.0
MinimumVisualStudioVersion = 10.0.40219.1
Project("{9A19103F-16F7-4668-BE54-9A1E7A4F7556}") = "AritimeticOperations", "AritimeticOperations.csproj", "{8D5CD579-7C7B-4833-9B4A-7211315B0A02}"
EndProject
Global
	GlobalSection(SolutionConfigurationPlatforms) = preSolution
		Debug|Any CPU = Debug|Any CPU
		Release|Any CPU = Release|Any CPU
	EndGlobalSection
	GlobalSection(ProjectConfigurationPlatforms) = postSolution
		{8D5CD579-7C7B-4833-9B4A-7211315B0A02}.Debug|Any CPU.ActiveCfg = Debug|Any CPU
		{8D5CD579-7C7B-4833-9B4A-7211315B0A02}.Debug|Any CPU.Build.0 = Debug|Any CPU
		{8D5CD579-7C7B-4833-9B4A-7211315B0A02}.Release|Any CPU.ActiveCfg = Release|Any CPU
		{8D5CD579-7C7B-4833-9B4A-7211315B0A02}.Release|Any CPU.Build.0 = Release|Any CPU
	EndGlobalSection
	GlobalSection(SolutionProperties) = preSolution
		HideSolutionNode = FALSE
	EndGlobalSection
	GlobalSection(ExtensibilityGlobals) = postSolution
		SolutionGuid = {4621311B-25D0-4110-A368-D39410EB8A29}
	EndGlobalSection
EndGlobal
